{
  "version": "4",
  "specifiers": {
    "jsr:@hono/hono@^4.7.5": "4.7.5",
    "jsr:@valibot/valibot@1": "1.0.0",
    "npm:@hono/valibot-validator@~0.5.2": "0.5.2_hono@4.7.5_valibot@1.0.0"
  },
  "jsr": {
    "@hono/hono@4.7.5": {
      "integrity": "36a7e1b3db8a58e5dc2bd36a76be53346f0966e04c24c635c4d6f58875575b0a"
    },
    "@valibot/valibot@1.0.0": {
      "integrity": "2e16f77fb6a1721c0c219fe0eecdc902a2d8e3d45b98383b228eda93c394e4b7"
    }
  },
  "npm": {
    "@hono/valibot-validator@0.5.2_hono@4.7.5_valibot@1.0.0": {
      "integrity": "sha512-WbTr8PCFNAME0ale62rmmq+E8bGp5a7VPiVNmNT+Ue12GJE3Ax+CWBGtHhR0TzAEiloPvJND3IbjHIgtNtsqhw==",
      "dependencies": [
        "hono",
        "valibot"
      ]
    },
    "hono@4.7.5": {
      "integrity": "sha512-fDOK5W2C1vZACsgLONigdZTRZxuBqFtcKh7bUQ5cVSbwI2RWjloJDcgFOVzbQrlI6pCmhlTsVYZ7zpLj4m4qMQ=="
    },
    "valibot@1.0.0": {
      "integrity": "sha512-1Hc0ihzWxBar6NGeZv7fPLY0QuxFMyxwYR2sF1Blu7Wq7EnremwY2W02tit2ij2VJT8HcSkHAQqmFfl77f73Yw=="
    }
  },
  "workspace": {
    "dependencies": [
      "jsr:@hono/hono@^4.7.5",
      "jsr:@valibot/valibot@1",
      "npm:@hono/valibot-validator@~0.5.2"
    ]
  }
}
