{
  "version": "4",
  "specifiers": {
    "jsr:@hono/hono@^4.7.5": "4.7.5",
    "jsr:@noble/ed25519@^2.2.3": "2.2.3",
    "jsr:@noble/hashes@^1.7.1": "1.7.1",
    "jsr:@std/encoding@^1.0.7": "1.0.7",
    "jsr:@valibot/valibot@1": "1.0.0"
  },
  "jsr": {
    "@hono/hono@4.7.5": {
      "integrity": "36a7e1b3db8a58e5dc2bd36a76be53346f0966e04c24c635c4d6f58875575b0a"
    },
    "@noble/ed25519@2.2.3": {
      "integrity": "77d984ee6b823c8b1a4a36aa56105d60e696a4e7b599b821712d1251481e2f9c"
    },
    "@noble/hashes@1.7.1": {
      "integrity": "2c29f1dc07943155f5c7384be6f570a749c2afee95a0557cdae02b4fd5956134"
    },
    "@std/encoding@1.0.7": {
      "integrity": "f631247c1698fef289f2de9e2a33d571e46133b38d042905e3eac3715030a82d"
    },
    "@valibot/valibot@1.0.0": {
      "integrity": "2e16f77fb6a1721c0c219fe0eecdc902a2d8e3d45b98383b228eda93c394e4b7"
    }
  },
  "workspace": {
    "members": {
      "packages/common-ts": {
        "dependencies": [
          "jsr:@noble/ed25519@^2.2.3",
          "jsr:@noble/hashes@^1.7.1",
          "jsr:@std/encoding@^1.0.7",
          "jsr:@valibot/valibot@1"
        ]
      },
      "services/heartbeat-service": {
        "dependencies": [
          "jsr:@hono/hono@^4.7.5",
          "jsr:@noble/ed25519@^2.2.3",
          "jsr:@std/encoding@^1.0.7",
          "jsr:@valibot/valibot@1"
        ]
      },
      "services/listener-service": {
        "dependencies": [
          "jsr:@hono/hono@^4.7.5"
        ]
      },
      "services/oracle-service": {
        "dependencies": [
          "jsr:@hono/hono@^4.7.5",
          "jsr:@noble/ed25519@^2.2.3",
          "jsr:@std/encoding@^1.0.7",
          "jsr:@valibot/valibot@1"
        ]
      }
    }
  }
}
